
Microsoft Visual Studio Solution File, Format Version 12.00
# Visual Studio Version 17
VisualStudioVersion = 17.0.32112.339
MinimumVisualStudioVersion = 10.0.40219.1
Project("{6EC3EE1D-3C4E-46DD-8F32-0CC8E7565705}") = "DungeonGenerator", "DungeonGenerator.fsproj", "{F6C10147-EFDE-4301-B0D3-EEC911B4545C}"
EndProject
Project("{9A19103F-16F7-4668-BE54-9A1E7A4F7556}") = "WinFormsApp1", "..\WinFormsApp1\WinFormsApp1.csproj", "{0F8E549B-FAAA-42EA-8E45-6D8A7C66976E}"
EndProject
Project("{F2A71F9B-5D33-465A-A702-920D77279786}") = "Coinzz", "..\Coinzz\Coinzz.fsproj", "{E71FF1A8-7F92-4516-91A8-BA1AB4F4680C}"
EndProject
Global
	GlobalSection(SolutionConfigurationPlatforms) = preSolution
		Debug|Any CPU = Debug|Any CPU
		Release|Any CPU = Release|Any CPU
	EndGlobalSection
	GlobalSection(ProjectConfigurationPlatforms) = postSolution
		{F6C10147-EFDE-4301-B0D3-EEC911B4545C}.Debug|Any CPU.ActiveCfg = Debug|Any CPU
		{F6C10147-EFDE-4301-B0D3-EEC911B4545C}.Debug|Any CPU.Build.0 = Debug|Any CPU
		{F6C10147-EFDE-4301-B0D3-EEC911B4545C}.Release|Any CPU.ActiveCfg = Release|Any CPU
		{F6C10147-EFDE-4301-B0D3-EEC911B4545C}.Release|Any CPU.Build.0 = Release|Any CPU
		{0F8E549B-FAAA-42EA-8E45-6D8A7C66976E}.Debug|Any CPU.ActiveCfg = Debug|Any CPU
		{0F8E549B-FAAA-42EA-8E45-6D8A7C66976E}.Debug|Any CPU.Build.0 = Debug|Any CPU
		{0F8E549B-FAAA-42EA-8E45-6D8A7C66976E}.Release|Any CPU.ActiveCfg = Release|Any CPU
		{0F8E549B-FAAA-42EA-8E45-6D8A7C66976E}.Release|Any CPU.Build.0 = Release|Any CPU
		{E71FF1A8-7F92-4516-91A8-BA1AB4F4680C}.Debug|Any CPU.ActiveCfg = Debug|Any CPU
		{E71FF1A8-7F92-4516-91A8-BA1AB4F4680C}.Debug|Any CPU.Build.0 = Debug|Any CPU
		{E71FF1A8-7F92-4516-91A8-BA1AB4F4680C}.Release|Any CPU.ActiveCfg = Release|Any CPU
		{E71FF1A8-7F92-4516-91A8-BA1AB4F4680C}.Release|Any CPU.Build.0 = Release|Any CPU
	EndGlobalSection
	GlobalSection(SolutionProperties) = preSolution
		HideSolutionNode = FALSE
	EndGlobalSection
	GlobalSection(ExtensibilityGlobals) = postSolution
		SolutionGuid = {F1E55E84-2ED0-467B-8967-6CB421A2230A}
	EndGlobalSection
EndGlobal
