
Microsoft Visual Studio Solution File, Format Version 12.00
# Visual Studio Version 17
VisualStudioVersion = 17.8.34309.116
MinimumVisualStudioVersion = 10.0.40219.1
Project("{F2A71F9B-5D33-465A-A702-920D77279786}") = "Decoder", "Decoder.fsproj", "{FDFA4C74-78CE-4752-B869-1567B7F88999}"
EndProject
Global
	GlobalSection(SolutionConfigurationPlatforms) = preSolution
		Debug|Any CPU = Debug|Any CPU
		Release|Any CPU = Release|Any CPU
	EndGlobalSection
	GlobalSection(ProjectConfigurationPlatforms) = postSolution
		{FDFA4C74-78CE-4752-B869-1567B7F88999}.Debug|Any CPU.ActiveCfg = Debug|Any CPU
		{FDFA4C74-78CE-4752-B869-1567B7F88999}.Debug|Any CPU.Build.0 = Debug|Any CPU
		{FDFA4C74-78CE-4752-B869-1567B7F88999}.Release|Any CPU.ActiveCfg = Release|Any CPU
		{FDFA4C74-78CE-4752-B869-1567B7F88999}.Release|Any CPU.Build.0 = Release|Any CPU
	EndGlobalSection
	GlobalSection(SolutionProperties) = preSolution
		HideSolutionNode = FALSE
	EndGlobalSection
	GlobalSection(ExtensibilityGlobals) = postSolution
		SolutionGuid = {A737A80A-1CFD-49E7-A3EA-32BC9BC18C0F}
	EndGlobalSection
EndGlobal
